
Microsoft Visual Studio Solution File, Format Version 12.00
# Visual Studio 15
Project("{FAE04EC0-301F-11D3-BF4B-00C04F79EFBC}") = "BrainGame-master", "BrainGame-master.csproj", "{265C2100-A36D-0B40-9AC7-DCF9F319FB92}"
EndProject
Project("{FAE04EC0-301F-11D3-BF4B-00C04F79EFBC}") = "BrainGame-master.Editor", "BrainGame-master.Editor.csproj", "{A923F15E-F078-30CD-CD1F-62BE0447A6A8}"
EndProject
Global
	GlobalSection(SolutionConfigurationPlatforms) = preSolution
		Debug|Any CPU = Debug|Any CPU
		Release|Any CPU = Release|Any CPU
	EndGlobalSection
	GlobalSection(ProjectConfigurationPlatforms) = postSolution
		{265C2100-A36D-0B40-9AC7-DCF9F319FB92}.Debug|Any CPU.ActiveCfg = Debug|Any CPU
		{265C2100-A36D-0B40-9AC7-DCF9F319FB92}.Debug|Any CPU.Build.0 = Debug|Any CPU
		{265C2100-A36D-0B40-9AC7-DCF9F319FB92}.Release|Any CPU.ActiveCfg = Release|Any CPU
		{265C2100-A36D-0B40-9AC7-DCF9F319FB92}.Release|Any CPU.Build.0 = Release|Any CPU
		{A923F15E-F078-30CD-CD1F-62BE0447A6A8}.Debug|Any CPU.ActiveCfg = Debug|Any CPU
		{A923F15E-F078-30CD-CD1F-62BE0447A6A8}.Debug|Any CPU.Build.0 = Debug|Any CPU
		{A923F15E-F078-30CD-CD1F-62BE0447A6A8}.Release|Any CPU.ActiveCfg = Release|Any CPU
		{A923F15E-F078-30CD-CD1F-62BE0447A6A8}.Release|Any CPU.Build.0 = Release|Any CPU
	EndGlobalSection
	GlobalSection(SolutionProperties) = preSolution
		HideSolutionNode = FALSE
	EndGlobalSection
EndGlobal
